
Microsoft Visual Studio Solution File, Format Version 12.00
# Visual Studio Version 17
VisualStudioVersion = 17.4.33213.308
MinimumVisualStudioVersion = 10.0.40219.1
Project("{FAE04EC0-301F-11D3-BF4B-00C04F79EFBC}") = "ConsoleSqlApp", "ConsoleSqlApp.csproj", "{4ECEF397-20E3-4B7A-8245-345322635C67}"
EndProject
Global
	GlobalSection(SolutionConfigurationPlatforms) = preSolution
		Debug|Any CPU = Debug|Any CPU
		Release|Any CPU = Release|Any CPU
	EndGlobalSection
	GlobalSection(ProjectConfigurationPlatforms) = postSolution
		{4ECEF397-20E3-4B7A-8245-345322635C67}.Debug|Any CPU.ActiveCfg = Debug|Any CPU
		{4ECEF397-20E3-4B7A-8245-345322635C67}.Debug|Any CPU.Build.0 = Debug|Any CPU
		{4ECEF397-20E3-4B7A-8245-345322635C67}.Release|Any CPU.ActiveCfg = Release|Any CPU
		{4ECEF397-20E3-4B7A-8245-345322635C67}.Release|Any CPU.Build.0 = Release|Any CPU
	EndGlobalSection
	GlobalSection(SolutionProperties) = preSolution
		HideSolutionNode = FALSE
	EndGlobalSection
	GlobalSection(ExtensibilityGlobals) = postSolution
		SolutionGuid = {BDF9B39E-2CD0-455D-BF57-AEC433318B19}
	EndGlobalSection
EndGlobal
